
Microsoft Visual Studio Solution File, Format Version 12.00
# Visual Studio Version 16
VisualStudioVersion = 16.0.29709.97
MinimumVisualStudioVersion = 10.0.40219.1
Project("{9A19103F-16F7-4668-BE54-9A1E7A4F7556}") = "Sem2Lab1SQLServer", "Sem2Lab1SQLServer.csproj", "{79292866-FCFB-46B3-933F-5BE1E10086D4}"
EndProject
Global
	GlobalSection(SolutionConfigurationPlatforms) = preSolution
		Debug|Any CPU = Debug|Any CPU
		Release|Any CPU = Release|Any CPU
	EndGlobalSection
	GlobalSection(ProjectConfigurationPlatforms) = postSolution
		{79292866-FCFB-46B3-933F-5BE1E10086D4}.Debug|Any CPU.ActiveCfg = Debug|Any CPU
		{79292866-FCFB-46B3-933F-5BE1E10086D4}.Debug|Any CPU.Build.0 = Debug|Any CPU
		{79292866-FCFB-46B3-933F-5BE1E10086D4}.Release|Any CPU.ActiveCfg = Release|Any CPU
		{79292866-FCFB-46B3-933F-5BE1E10086D4}.Release|Any CPU.Build.0 = Release|Any CPU
	EndGlobalSection
	GlobalSection(SolutionProperties) = preSolution
		HideSolutionNode = FALSE
	EndGlobalSection
	GlobalSection(ExtensibilityGlobals) = postSolution
		SolutionGuid = {7F49F88A-1D3A-42FB-AD7F-042D9A97A4A7}
	EndGlobalSection
EndGlobal
